{
    "_meta": {
        "hash": {
            "sha256": "0619194f1015577df8ae518b023371de41f21d1cb86cd6e8506896a0130f43ae"
        },
        "host-environment-markers": {
            "implementation_name": "cpython",
            "implementation_version": "3.6.3",
            "os_name": "posix",
            "platform_machine": "x86_64",
            "platform_python_implementation": "CPython",
            "platform_release": "17.7.0",
            "platform_system": "Darwin",
            "platform_version": "Darwin Kernel Version 17.7.0: Fri Oct  4 23:08:59 PDT 2019; root:xnu-4570.71.57~1/RELEASE_X86_64",
            "python_full_version": "3.6.3",
            "python_version": "3.6",
            "sys_platform": "darwin"
        },
        "pipfile-spec": 6,
        "requires": {
            "python_version": "3.6"
        },
        "sources": [
            {
                "name": "pypi",
                "url": "https://pypi.org/simple",
                "verify_ssl": true
            }
        ]
    },
    "default": {
        "certifi": {
            "hashes": [],
            "version": "==2019.9.11"
        },
        "chardet": {
            "hashes": [],
            "version": "==3.0.4"
        },
        "click": {
            "hashes": [],
            "version": "==7.0"
        },
        "idna": {
            "hashes": [],
            "version": "==2.8"
        },
        "requests": {
            "hashes": [],
            "version": "==2.22.0"
        },
        "urllib3": {
            "hashes": [],
            "version": "==1.25.6"
        }
    },
    "develop": {}
}
